
Microsoft Visual Studio Solution File, Format Version 12.00
# Visual Studio Version 17
VisualStudioVersion = 17.11.35303.130
MinimumVisualStudioVersion = 10.0.40219.1
Project("{FAE04EC0-301F-11D3-BF4B-00C04F79EFBC}") = "SubconverterTools", "SubconverterTools.csproj", "{2DAD5C9A-78B0-4F2B-92B1-82F7276F12EA}"
EndProject
Global
	GlobalSection(SolutionConfigurationPlatforms) = preSolution
		Debug|Any CPU = Debug|Any CPU
		Release|Any CPU = Release|Any CPU
	EndGlobalSection
	GlobalSection(ProjectConfigurationPlatforms) = postSolution
		{2DAD5C9A-78B0-4F2B-92B1-82F7276F12EA}.Debug|Any CPU.ActiveCfg = Debug|Any CPU
		{2DAD5C9A-78B0-4F2B-92B1-82F7276F12EA}.Debug|Any CPU.Build.0 = Debug|Any CPU
		{2DAD5C9A-78B0-4F2B-92B1-82F7276F12EA}.Release|Any CPU.ActiveCfg = Release|Any CPU
		{2DAD5C9A-78B0-4F2B-92B1-82F7276F12EA}.Release|Any CPU.Build.0 = Release|Any CPU
	EndGlobalSection
	GlobalSection(SolutionProperties) = preSolution
		HideSolutionNode = FALSE
	EndGlobalSection
	GlobalSection(ExtensibilityGlobals) = postSolution
		SolutionGuid = {D42B6146-0DFC-4C38-A4FB-C689EF4C1CB8}
	EndGlobalSection
EndGlobal
